
Microsoft Visual Studio Solution File, Format Version 12.00
# Visual Studio Version 16
VisualStudioVersion = 16.0.30225.117
MinimumVisualStudioVersion = 10.0.40219.1
Project("{FAE04EC0-301F-11D3-BF4B-00C04F79EFBC}") = "Nuacoustic", "Nuacoustic\Nuacoustic.csproj", "{E395A305-D8E2-42A5-9848-E69280C929B2}"
EndProject
Project("{54435603-DBB4-11D2-8724-00A0C9A8B90C}") = "NuacousticSetup", "NuacousticSetup\NuacousticSetup.vdproj", "{D64AE744-34E8-4D2F-9A5F-EDE1F0D2A7DA}"
EndProject
Global
	GlobalSection(SolutionConfigurationPlatforms) = preSolution
		Debug|Any CPU = Debug|Any CPU
		Release|Any CPU = Release|Any CPU
	EndGlobalSection
	GlobalSection(ProjectConfigurationPlatforms) = postSolution
		{E395A305-D8E2-42A5-9848-E69280C929B2}.Debug|Any CPU.ActiveCfg = Debug|Any CPU
		{E395A305-D8E2-42A5-9848-E69280C929B2}.Debug|Any CPU.Build.0 = Debug|Any CPU
		{E395A305-D8E2-42A5-9848-E69280C929B2}.Release|Any CPU.ActiveCfg = Release|Any CPU
		{E395A305-D8E2-42A5-9848-E69280C929B2}.Release|Any CPU.Build.0 = Release|Any CPU
		{D64AE744-34E8-4D2F-9A5F-EDE1F0D2A7DA}.Debug|Any CPU.ActiveCfg = Debug
		{D64AE744-34E8-4D2F-9A5F-EDE1F0D2A7DA}.Release|Any CPU.ActiveCfg = Release
	EndGlobalSection
	GlobalSection(SolutionProperties) = preSolution
		HideSolutionNode = FALSE
	EndGlobalSection
	GlobalSection(ExtensibilityGlobals) = postSolution
		SolutionGuid = {ADE9063E-DC47-4B3F-A3B0-67AA98E26DBA}
	EndGlobalSection
EndGlobal
